
Microsoft Visual Studio Solution File, Format Version 12.00
# Visual Studio Version 16
VisualStudioVersion = 16.0.29728.190
MinimumVisualStudioVersion = 10.0.40219.1
Project("{FAE04EC0-301F-11D3-BF4B-00C04F79EFBC}") = "OOP - Assessment 2", "OOP - Assessment 2\OOP - Assessment 2.csproj", "{60EB45FF-0C05-49C8-90C2-B518CBB59D69}"
EndProject
Global
	GlobalSection(SolutionConfigurationPlatforms) = preSolution
		Debug|Any CPU = Debug|Any CPU
		Release|Any CPU = Release|Any CPU
	EndGlobalSection
	GlobalSection(ProjectConfigurationPlatforms) = postSolution
		{60EB45FF-0C05-49C8-90C2-B518CBB59D69}.Debug|Any CPU.ActiveCfg = Debug|Any CPU
		{60EB45FF-0C05-49C8-90C2-B518CBB59D69}.Debug|Any CPU.Build.0 = Debug|Any CPU
		{60EB45FF-0C05-49C8-90C2-B518CBB59D69}.Release|Any CPU.ActiveCfg = Release|Any CPU
		{60EB45FF-0C05-49C8-90C2-B518CBB59D69}.Release|Any CPU.Build.0 = Release|Any CPU
	EndGlobalSection
	GlobalSection(SolutionProperties) = preSolution
		HideSolutionNode = FALSE
	EndGlobalSection
	GlobalSection(ExtensibilityGlobals) = postSolution
		SolutionGuid = {B73E97D7-DA85-4BFA-A2F6-E1AB040219CD}
	EndGlobalSection
EndGlobal
